
Microsoft Visual Studio Solution File, Format Version 12.00
# Visual Studio Version 17
VisualStudioVersion = 17.6.33829.357
MinimumVisualStudioVersion = 10.0.40219.1
Project("{FAE04EC0-301F-11D3-BF4B-00C04F79EFBC}") = "dbd_evo", "dbd_evo.csproj", "{507E9259-8C1C-4968-8D59-A46041D6BA8F}"
EndProject
Global
	GlobalSection(SolutionConfigurationPlatforms) = preSolution
		Debug|Any CPU = Debug|Any CPU
		Release|Any CPU = Release|Any CPU
	EndGlobalSection
	GlobalSection(ProjectConfigurationPlatforms) = postSolution
		{507E9259-8C1C-4968-8D59-A46041D6BA8F}.Debug|Any CPU.ActiveCfg = Debug|Any CPU
		{507E9259-8C1C-4968-8D59-A46041D6BA8F}.Debug|Any CPU.Build.0 = Debug|Any CPU
		{507E9259-8C1C-4968-8D59-A46041D6BA8F}.Release|Any CPU.ActiveCfg = Release|Any CPU
		{507E9259-8C1C-4968-8D59-A46041D6BA8F}.Release|Any CPU.Build.0 = Release|Any CPU
	EndGlobalSection
	GlobalSection(SolutionProperties) = preSolution
		HideSolutionNode = FALSE
	EndGlobalSection
	GlobalSection(ExtensibilityGlobals) = postSolution
		SolutionGuid = {E26B3971-6DE7-4461-AD6A-DE6196486CD0}
	EndGlobalSection
EndGlobal
